{
  "name": "reading-room-figures",
  "version": "0.1.0",
  "lockfileVersion": 3,
  "requires": true,
  "packages": {
    "": {
      "name": "reading-room-figures",
      "version": "0.1.0",
      "dependencies": {
        "@mlitwin/svg-gen": "latest"
      }
    },
    "node_modules/@mlitwin/svg-gen": {
      "version": "0.1.0-alpha.2",
      "resolved": "https://registry.npmjs.org/@mlitwin/svg-gen/-/svg-gen-0.1.0-alpha.2.tgz",
      "integrity": "sha512-ysxjjSUWcJ1ouM2Xvch9GJH3mhrEmYlS44TJfHt84lUg/b+I7tWKbH3TS4AO6fpvkD4vMdz2pPdPOXt1WZCsSg==",
      "license": "Unlicense"
    }
  }
}
